// !$*UTF8*$!
{
	archiveVersion = 1;
	classes = {
	};
	objectVersion = 55;
	objects = {

/* Begin PBXBuildFile section */
		71179827299D28FA00E1E3AA /* TaskRepository.swift in Sources */ = {isa = PBXBuildFile; fileRef = 71179826299D28FA00E1E3AA /* TaskRepository.swift */; };
		718B819029A1169000A25075 /* Readme.md in Resources */ = {isa = PBXBuildFile; fileRef = 718B818F29A1169000A25075 /* Readme.md */; };
		718B819229A128EA00A25075 /* TodoListPresenter.swift in Sources */ = {isa = PBXBuildFile; fileRef = 718B819129A128EA00A25075 /* TodoListPresenter.swift */; };
		718B819429A12F1E00A25075 /* TodoListBuilder.swift in Sources */ = {isa = PBXBuildFile; fileRef = 718B819329A12F1E00A25075 /* TodoListBuilder.swift */; };
		718B819629A1633C00A25075 /* OrderedTaskManager.swift in Sources */ = {isa = PBXBuildFile; fileRef = 718B819529A1633C00A25075 /* OrderedTaskManager.swift */; };
		718B819829A1636800A25075 /* SectionForTaskManagerAdapter.swift in Sources */ = {isa = PBXBuildFile; fileRef = 718B819729A1636800A25075 /* SectionForTaskManagerAdapter.swift */; };
		71BF91302998CFDB0083F736 /* AppDelegate.swift in Sources */ = {isa = PBXBuildFile; fileRef = 71BF912F2998CFDB0083F736 /* AppDelegate.swift */; };
		71BF91322998CFDB0083F736 /* SceneDelegate.swift in Sources */ = {isa = PBXBuildFile; fileRef = 71BF91312998CFDB0083F736 /* SceneDelegate.swift */; };
		71BF91342998CFDB0083F736 /* ViewController.swift in Sources */ = {isa = PBXBuildFile; fileRef = 71BF91332998CFDB0083F736 /* ViewController.swift */; };
		71BF913C2998CFDE0083F736 /* Assets.xcassets in Resources */ = {isa = PBXBuildFile; fileRef = 71BF913B2998CFDE0083F736 /* Assets.xcassets */; };
		71BF913F2998CFDE0083F736 /* LaunchScreen.storyboard in Resources */ = {isa = PBXBuildFile; fileRef = 71BF913D2998CFDE0083F736 /* LaunchScreen.storyboard */; };
		71BF91632998D4D30083F736 /* TaskManager.swift in Sources */ = {isa = PBXBuildFile; fileRef = 71BF91622998D4D30083F736 /* TaskManager.swift */; };
		71BF91652998D6A20083F736 /* TaskModel.swift in Sources */ = {isa = PBXBuildFile; fileRef = 71BF91642998D6A20083F736 /* TaskModel.swift */; };
		71BF91672998D80E0083F736 /* Priorities.swift in Sources */ = {isa = PBXBuildFile; fileRef = 71BF91662998D80E0083F736 /* Priorities.swift */; };
		71BF916B2998E9340083F736 /* TaskTableViewCell.swift in Sources */ = {isa = PBXBuildFile; fileRef = 71BF916A2998E9340083F736 /* TaskTableViewCell.swift */; };
/* End PBXBuildFile section */

/* Begin PBXContainerItemProxy section */
		71BF91462998CFDE0083F736 /* PBXContainerItemProxy */ = {
			isa = PBXContainerItemProxy;
			containerPortal = 71BF91242998CFDB0083F736 /* Project object */;
			proxyType = 1;
			remoteGlobalIDString = 71BF912B2998CFDB0083F736;
			remoteInfo = TodoListSokolovskiyArtem;
		};
		71BF91502998CFDE0083F736 /* PBXContainerItemProxy */ = {
			isa = PBXContainerItemProxy;
			containerPortal = 71BF91242998CFDB0083F736 /* Project object */;
			proxyType = 1;
			remoteGlobalIDString = 71BF912B2998CFDB0083F736;
			remoteInfo = TodoListSokolovskiyArtem;
		};
/* End PBXContainerItemProxy section */

/* Begin PBXFileReference section */
		71179826299D28FA00E1E3AA /* TaskRepository.swift */ = {isa = PBXFileReference; lastKnownFileType = sourcecode.swift; path = TaskRepository.swift; sourceTree = "<group>"; };
		718B818F29A1169000A25075 /* Readme.md */ = {isa = PBXFileReference; lastKnownFileType = net.daringfireball.markdown; path = Readme.md; sourceTree = "<group>"; };
		718B819129A128EA00A25075 /* TodoListPresenter.swift */ = {isa = PBXFileReference; lastKnownFileType = sourcecode.swift; path = TodoListPresenter.swift; sourceTree = "<group>"; };
		718B819329A12F1E00A25075 /* TodoListBuilder.swift */ = {isa = PBXFileReference; lastKnownFileType = sourcecode.swift; path = TodoListBuilder.swift; sourceTree = "<group>"; };
		718B819529A1633C00A25075 /* OrderedTaskManager.swift */ = {isa = PBXFileReference; lastKnownFileType = sourcecode.swift; path = OrderedTaskManager.swift; sourceTree = "<group>"; };
		718B819729A1636800A25075 /* SectionForTaskManagerAdapter.swift */ = {isa = PBXFileReference; lastKnownFileType = sourcecode.swift; path = SectionForTaskManagerAdapter.swift; sourceTree = "<group>"; };
		71BF912C2998CFDB0083F736 /* TodoListSokolovskiyArtem.app */ = {isa = PBXFileReference; explicitFileType = wrapper.application; includeInIndex = 0; path = TodoListSokolovskiyArtem.app; sourceTree = BUILT_PRODUCTS_DIR; };
		71BF912F2998CFDB0083F736 /* AppDelegate.swift */ = {isa = PBXFileReference; lastKnownFileType = sourcecode.swift; path = AppDelegate.swift; sourceTree = "<group>"; };
		71BF91312998CFDB0083F736 /* SceneDelegate.swift */ = {isa = PBXFileReference; lastKnownFileType = sourcecode.swift; path = SceneDelegate.swift; sourceTree = "<group>"; };
		71BF91332998CFDB0083F736 /* ViewController.swift */ = {isa = PBXFileReference; lastKnownFileType = sourcecode.swift; path = ViewController.swift; sourceTree = "<group>"; };
		71BF913B2998CFDE0083F736 /* Assets.xcassets */ = {isa = PBXFileReference; lastKnownFileType = folder.assetcatalog; path = Assets.xcassets; sourceTree = "<group>"; };
		71BF913E2998CFDE0083F736 /* Base */ = {isa = PBXFileReference; lastKnownFileType = file.storyboard; name = Base; path = Base.lproj/LaunchScreen.storyboard; sourceTree = "<group>"; };
		71BF91402998CFDE0083F736 /* Info.plist */ = {isa = PBXFileReference; lastKnownFileType = text.plist.xml; path = Info.plist; sourceTree = "<group>"; };
		71BF91452998CFDE0083F736 /* TodoListSokolovskiyArtemTests.xctest */ = {isa = PBXFileReference; explicitFileType = wrapper.cfbundle; includeInIndex = 0; path = TodoListSokolovskiyArtemTests.xctest; sourceTree = BUILT_PRODUCTS_DIR; };
		71BF914F2998CFDE0083F736 /* TodoListSokolovskiyArtemUITests.xctest */ = {isa = PBXFileReference; explicitFileType = wrapper.cfbundle; includeInIndex = 0; path = TodoListSokolovskiyArtemUITests.xctest; sourceTree = BUILT_PRODUCTS_DIR; };
		71BF91622998D4D30083F736 /* TaskManager.swift */ = {isa = PBXFileReference; lastKnownFileType = sourcecode.swift; path = TaskManager.swift; sourceTree = "<group>"; };
		71BF91642998D6A20083F736 /* TaskModel.swift */ = {isa = PBXFileReference; lastKnownFileType = sourcecode.swift; path = TaskModel.swift; sourceTree = "<group>"; };
		71BF91662998D80E0083F736 /* Priorities.swift */ = {isa = PBXFileReference; lastKnownFileType = sourcecode.swift; path = Priorities.swift; sourceTree = "<group>"; };
		71BF916A2998E9340083F736 /* TaskTableViewCell.swift */ = {isa = PBXFileReference; lastKnownFileType = sourcecode.swift; path = TaskTableViewCell.swift; sourceTree = "<group>"; };
/* End PBXFileReference section */

/* Begin PBXFrameworksBuildPhase section */
		71BF91292998CFDB0083F736 /* Frameworks */ = {
			isa = PBXFrameworksBuildPhase;
			buildActionMask = 2147483647;
			files = (
			);
			runOnlyForDeploymentPostprocessing = 0;
		};
		71BF91422998CFDE0083F736 /* Frameworks */ = {
			isa = PBXFrameworksBuildPhase;
			buildActionMask = 2147483647;
			files = (
			);
			runOnlyForDeploymentPostprocessing = 0;
		};
		71BF914C2998CFDE0083F736 /* Frameworks */ = {
			isa = PBXFrameworksBuildPhase;
			buildActionMask = 2147483647;
			files = (
			);
			runOnlyForDeploymentPostprocessing = 0;
		};
/* End PBXFrameworksBuildPhase section */

/* Begin PBXGroup section */
		71BF91232998CFDB0083F736 = {
			isa = PBXGroup;
			children = (
				718B818F29A1169000A25075 /* Readme.md */,
				71BF912E2998CFDB0083F736 /* TodoListSokolovskiyArtem */,
				71BF912D2998CFDB0083F736 /* Products */,
			);
			sourceTree = "<group>";
		};
		71BF912D2998CFDB0083F736 /* Products */ = {
			isa = PBXGroup;
			children = (
				71BF912C2998CFDB0083F736 /* TodoListSokolovskiyArtem.app */,
				71BF91452998CFDE0083F736 /* TodoListSokolovskiyArtemTests.xctest */,
				71BF914F2998CFDE0083F736 /* TodoListSokolovskiyArtemUITests.xctest */,
			);
			name = Products;
			sourceTree = "<group>";
		};
		71BF912E2998CFDB0083F736 /* TodoListSokolovskiyArtem */ = {
			isa = PBXGroup;
			children = (
				71BF916E2999702B0083F736 /* Support */,
				71BF916F2999703A0083F736 /* View */,
				71BF9172299970730083F736 /* Presenter */,
				71BF9170299970510083F736 /* Model */,
				71BF9173299970850083F736 /* Managers */,
				71BF913B2998CFDE0083F736 /* Assets.xcassets */,
				71BF913D2998CFDE0083F736 /* LaunchScreen.storyboard */,
				71BF91402998CFDE0083F736 /* Info.plist */,
			);
			path = TodoListSokolovskiyArtem;
			sourceTree = "<group>";
		};
		71BF916E2999702B0083F736 /* Support */ = {
			isa = PBXGroup;
			children = (
				71BF912F2998CFDB0083F736 /* AppDelegate.swift */,
				71BF91312998CFDB0083F736 /* SceneDelegate.swift */,
				718B819329A12F1E00A25075 /* TodoListBuilder.swift */,
			);
			path = Support;
			sourceTree = "<group>";
		};
		71BF916F2999703A0083F736 /* View */ = {
			isa = PBXGroup;
			children = (
				71BF91332998CFDB0083F736 /* ViewController.swift */,
				71BF916A2998E9340083F736 /* TaskTableViewCell.swift */,
			);
			path = View;
			sourceTree = "<group>";
		};
		71BF9170299970510083F736 /* Model */ = {
			isa = PBXGroup;
			children = (
				71BF91642998D6A20083F736 /* TaskModel.swift */,
				71BF91662998D80E0083F736 /* Priorities.swift */,
			);
			path = Model;
			sourceTree = "<group>";
		};
		71BF9172299970730083F736 /* Presenter */ = {
			isa = PBXGroup;
			children = (
				718B819129A128EA00A25075 /* TodoListPresenter.swift */,
				718B819729A1636800A25075 /* SectionForTaskManagerAdapter.swift */,
				718B819529A1633C00A25075 /* OrderedTaskManager.swift */,
			);
			path = Presenter;
			sourceTree = "<group>";
		};
		71BF9173299970850083F736 /* Managers */ = {
			isa = PBXGroup;
			children = (
				71BF91622998D4D30083F736 /* TaskManager.swift */,
				71179826299D28FA00E1E3AA /* TaskRepository.swift */,
			);
			path = Managers;
			sourceTree = "<group>";
		};
/* End PBXGroup section */

/* Begin PBXNativeTarget section */
		71BF912B2998CFDB0083F736 /* TodoListSokolovskiyArtem */ = {
			isa = PBXNativeTarget;
			buildConfigurationList = 71BF91592998CFDE0083F736 /* Build configuration list for PBXNativeTarget "TodoListSokolovskiyArtem" */;
			buildPhases = (
				71BF91282998CFDB0083F736 /* Sources */,
				71BF91292998CFDB0083F736 /* Frameworks */,
				71BF912A2998CFDB0083F736 /* Resources */,
			);
			buildRules = (
			);
			dependencies = (
			);
			name = TodoListSokolovskiyArtem;
			productName = TodoListSokolovskiyArtem;
			productReference = 71BF912C2998CFDB0083F736 /* TodoListSokolovskiyArtem.app */;
			productType = "com.apple.product-type.application";
		};
		71BF91442998CFDE0083F736 /* TodoListSokolovskiyArtemTests */ = {
			isa = PBXNativeTarget;
			buildConfigurationList = 71BF915C2998CFDE0083F736 /* Build configuration list for PBXNativeTarget "TodoListSokolovskiyArtemTests" */;
			buildPhases = (
				71BF91412998CFDE0083F736 /* Sources */,
				71BF91422998CFDE0083F736 /* Frameworks */,
				71BF91432998CFDE0083F736 /* Resources */,
			);
			buildRules = (
			);
			dependencies = (
				71BF91472998CFDE0083F736 /* PBXTargetDependency */,
			);
			name = TodoListSokolovskiyArtemTests;
			productName = TodoListSokolovskiyArtemTests;
			productReference = 71BF91452998CFDE0083F736 /* TodoListSokolovskiyArtemTests.xctest */;
			productType = "com.apple.product-type.bundle.unit-test";
		};
		71BF914E2998CFDE0083F736 /* TodoListSokolovskiyArtemUITests */ = {
			isa = PBXNativeTarget;
			buildConfigurationList = 71BF915F2998CFDE0083F736 /* Build configuration list for PBXNativeTarget "TodoListSokolovskiyArtemUITests" */;
			buildPhases = (
				71BF914B2998CFDE0083F736 /* Sources */,
				71BF914C2998CFDE0083F736 /* Frameworks */,
				71BF914D2998CFDE0083F736 /* Resources */,
			);
			buildRules = (
			);
			dependencies = (
				71BF91512998CFDE0083F736 /* PBXTargetDependency */,
			);
			name = TodoListSokolovskiyArtemUITests;
			productName = TodoListSokolovskiyArtemUITests;
			productReference = 71BF914F2998CFDE0083F736 /* TodoListSokolovskiyArtemUITests.xctest */;
			productType = "com.apple.product-type.bundle.ui-testing";
		};
/* End PBXNativeTarget section */

/* Begin PBXProject section */
		71BF91242998CFDB0083F736 /* Project object */ = {
			isa = PBXProject;
			attributes = {
				BuildIndependentTargetsInParallel = 1;
				LastSwiftUpdateCheck = 1340;
				LastUpgradeCheck = 1340;
				TargetAttributes = {
					71BF912B2998CFDB0083F736 = {
						CreatedOnToolsVersion = 13.4.1;
					};
					71BF91442998CFDE0083F736 = {
						CreatedOnToolsVersion = 13.4.1;
						TestTargetID = 71BF912B2998CFDB0083F736;
					};
					71BF914E2998CFDE0083F736 = {
						CreatedOnToolsVersion = 13.4.1;
						TestTargetID = 71BF912B2998CFDB0083F736;
					};
				};
			};
			buildConfigurationList = 71BF91272998CFDB0083F736 /* Build configuration list for PBXProject "TodoListSokolovskiyArtem" */;
			compatibilityVersion = "Xcode 13.0";
			developmentRegion = en;
			hasScannedForEncodings = 0;
			knownRegions = (
				en,
				Base,
			);
			mainGroup = 71BF91232998CFDB0083F736;
			productRefGroup = 71BF912D2998CFDB0083F736 /* Products */;
			projectDirPath = "";
			projectRoot = "";
			targets = (
				71BF912B2998CFDB0083F736 /* TodoListSokolovskiyArtem */,
				71BF91442998CFDE0083F736 /* TodoListSokolovskiyArtemTests */,
				71BF914E2998CFDE0083F736 /* TodoListSokolovskiyArtemUITests */,
			);
		};
/* End PBXProject section */

/* Begin PBXResourcesBuildPhase section */
		71BF912A2998CFDB0083F736 /* Resources */ = {
			isa = PBXResourcesBuildPhase;
			buildActionMask = 2147483647;
			files = (
				71BF913F2998CFDE0083F736 /* LaunchScreen.storyboard in Resources */,
				71BF913C2998CFDE0083F736 /* Assets.xcassets in Resources */,
				718B819029A1169000A25075 /* Readme.md in Resources */,
			);
			runOnlyForDeploymentPostprocessing = 0;
		};
		71BF91432998CFDE0083F736 /* Resources */ = {
			isa = PBXResourcesBuildPhase;
			buildActionMask = 2147483647;
			files = (
			);
			runOnlyForDeploymentPostprocessing = 0;
		};
		71BF914D2998CFDE0083F736 /* Resources */ = {
			isa = PBXResourcesBuildPhase;
			buildActionMask = 2147483647;
			files = (
			);
			runOnlyForDeploymentPostprocessing = 0;
		};
/* End PBXResourcesBuildPhase section */

/* Begin PBXSourcesBuildPhase section */
		71BF91282998CFDB0083F736 /* Sources */ = {
			isa = PBXSourcesBuildPhase;
			buildActionMask = 2147483647;
			files = (
				718B819829A1636800A25075 /* SectionForTaskManagerAdapter.swift in Sources */,
				71BF91672998D80E0083F736 /* Priorities.swift in Sources */,
				71BF91342998CFDB0083F736 /* ViewController.swift in Sources */,
				71BF916B2998E9340083F736 /* TaskTableViewCell.swift in Sources */,
				718B819629A1633C00A25075 /* OrderedTaskManager.swift in Sources */,
				71179827299D28FA00E1E3AA /* TaskRepository.swift in Sources */,
				718B819229A128EA00A25075 /* TodoListPresenter.swift in Sources */,
				71BF91632998D4D30083F736 /* TaskManager.swift in Sources */,
				71BF91302998CFDB0083F736 /* AppDelegate.swift in Sources */,
				71BF91652998D6A20083F736 /* TaskModel.swift in Sources */,
				718B819429A12F1E00A25075 /* TodoListBuilder.swift in Sources */,
				71BF91322998CFDB0083F736 /* SceneDelegate.swift in Sources */,
			);
			runOnlyForDeploymentPostprocessing = 0;
		};
		71BF91412998CFDE0083F736 /* Sources */ = {
			isa = PBXSourcesBuildPhase;
			buildActionMask = 2147483647;
			files = (
			);
			runOnlyForDeploymentPostprocessing = 0;
		};
		71BF914B2998CFDE0083F736 /* Sources */ = {
			isa = PBXSourcesBuildPhase;
			buildActionMask = 2147483647;
			files = (
			);
			runOnlyForDeploymentPostprocessing = 0;
		};
/* End PBXSourcesBuildPhase section */

/* Begin PBXTargetDependency section */
		71BF91472998CFDE0083F736 /* PBXTargetDependency */ = {
			isa = PBXTargetDependency;
			target = 71BF912B2998CFDB0083F736 /* TodoListSokolovskiyArtem */;
			targetProxy = 71BF91462998CFDE0083F736 /* PBXContainerItemProxy */;
		};
		71BF91512998CFDE0083F736 /* PBXTargetDependency */ = {
			isa = PBXTargetDependency;
			target = 71BF912B2998CFDB0083F736 /* TodoListSokolovskiyArtem */;
			targetProxy = 71BF91502998CFDE0083F736 /* PBXContainerItemProxy */;
		};
/* End PBXTargetDependency section */

/* Begin PBXVariantGroup section */
		71BF913D2998CFDE0083F736 /* LaunchScreen.storyboard */ = {
			isa = PBXVariantGroup;
			children = (
				71BF913E2998CFDE0083F736 /* Base */,
			);
			name = LaunchScreen.storyboard;
			sourceTree = "<group>";
		};
/* End PBXVariantGroup section */

/* Begin XCBuildConfiguration section */
		71BF91572998CFDE0083F736 /* Debug */ = {
			isa = XCBuildConfiguration;
			buildSettings = {
				ALWAYS_SEARCH_USER_PATHS = NO;
				CLANG_ANALYZER_NONNULL = YES;
				CLANG_ANALYZER_NUMBER_OBJECT_CONVERSION = YES_AGGRESSIVE;
				CLANG_CXX_LANGUAGE_STANDARD = "gnu++17";
				CLANG_ENABLE_MODULES = YES;
				CLANG_ENABLE_OBJC_ARC = YES;
				CLANG_ENABLE_OBJC_WEAK = YES;
				CLANG_WARN_BLOCK_CAPTURE_AUTORELEASING = YES;
				CLANG_WARN_BOOL_CONVERSION = YES;
				CLANG_WARN_COMMA = YES;
				CLANG_WARN_CONSTANT_CONVERSION = YES;
				CLANG_WARN_DEPRECATED_OBJC_IMPLEMENTATIONS = YES;
				CLANG_WARN_DIRECT_OBJC_ISA_USAGE = YES_ERROR;
				CLANG_WARN_DOCUMENTATION_COMMENTS = YES;
				CLANG_WARN_EMPTY_BODY = YES;
				CLANG_WARN_ENUM_CONVERSION = YES;
				CLANG_WARN_INFINITE_RECURSION = YES;
				CLANG_WARN_INT_CONVERSION = YES;
				CLANG_WARN_NON_LITERAL_NULL_CONVERSION = YES;
				CLANG_WARN_OBJC_IMPLICIT_RETAIN_SELF = YES;
				CLANG_WARN_OBJC_LITERAL_CONVERSION = YES;
				CLANG_WARN_OBJC_ROOT_CLASS = YES_ERROR;
				CLANG_WARN_QUOTED_INCLUDE_IN_FRAMEWORK_HEADER = YES;
				CLANG_WARN_RANGE_LOOP_ANALYSIS = YES;
				CLANG_WARN_STRICT_PROTOTYPES = YES;
				CLANG_WARN_SUSPICIOUS_MOVE = YES;
				CLANG_WARN_UNGUARDED_AVAILABILITY = YES_AGGRESSIVE;
				CLANG_WARN_UNREACHABLE_CODE = YES;
				CLANG_WARN__DUPLICATE_METHOD_MATCH = YES;
				COPY_PHASE_STRIP = NO;
				DEBUG_INFORMATION_FORMAT = dwarf;
				ENABLE_STRICT_OBJC_MSGSEND = YES;
				ENABLE_TESTABILITY = YES;
				GCC_C_LANGUAGE_STANDARD = gnu11;
				GCC_DYNAMIC_NO_PIC = NO;
				GCC_NO_COMMON_BLOCKS = YES;
				GCC_OPTIMIZATION_LEVEL = 0;
				GCC_PREPROCESSOR_DEFINITIONS = (
					"DEBUG=1",
					"$(inherited)",
				);
				GCC_WARN_64_TO_32_BIT_CONVERSION = YES;
				GCC_WARN_ABOUT_RETURN_TYPE = YES_ERROR;
				GCC_WARN_UNDECLARED_SELECTOR = YES;
				GCC_WARN_UNINITIALIZED_AUTOS = YES_AGGRESSIVE;
				GCC_WARN_UNUSED_FUNCTION = YES;
				GCC_WARN_UNUSED_VARIABLE = YES;
				IPHONEOS_DEPLOYMENT_TARGET = 15.5;
				MTL_ENABLE_DEBUG_INFO = INCLUDE_SOURCE;
				MTL_FAST_MATH = YES;
				ONLY_ACTIVE_ARCH = YES;
				SDKROOT = iphoneos;
				SWIFT_ACTIVE_COMPILATION_CONDITIONS = DEBUG;
				SWIFT_OPTIMIZATION_LEVEL = "-Onone";
			};
			name = Debug;
		};
		71BF91582998CFDE0083F736 /* Release */ = {
			isa = XCBuildConfiguration;
			buildSettings = {
				ALWAYS_SEARCH_USER_PATHS = NO;
				CLANG_ANALYZER_NONNULL = YES;
				CLANG_ANALYZER_NUMBER_OBJECT_CONVERSION = YES_AGGRESSIVE;
				CLANG_CXX_LANGUAGE_STANDARD = "gnu++17";
				CLANG_ENABLE_MODULES = YES;
				CLANG_ENABLE_OBJC_ARC = YES;
				CLANG_ENABLE_OBJC_WEAK = YES;
				CLANG_WARN_BLOCK_CAPTURE_AUTORELEASING = YES;
				CLANG_WARN_BOOL_CONVERSION = YES;
				CLANG_WARN_COMMA = YES;
				CLANG_WARN_CONSTANT_CONVERSION = YES;
				CLANG_WARN_DEPRECATED_OBJC_IMPLEMENTATIONS = YES;
				CLANG_WARN_DIRECT_OBJC_ISA_USAGE = YES_ERROR;
				CLANG_WARN_DOCUMENTATION_COMMENTS = YES;
				CLANG_WARN_EMPTY_BODY = YES;
				CLANG_WARN_ENUM_CONVERSION = YES;
				CLANG_WARN_INFINITE_RECURSION = YES;
				CLANG_WARN_INT_CONVERSION = YES;
				CLANG_WARN_NON_LITERAL_NULL_CONVERSION = YES;
				CLANG_WARN_OBJC_IMPLICIT_RETAIN_SELF = YES;
				CLANG_WARN_OBJC_LITERAL_CONVERSION = YES;
				CLANG_WARN_OBJC_ROOT_CLASS = YES_ERROR;
				CLANG_WARN_QUOTED_INCLUDE_IN_FRAMEWORK_HEADER = YES;
				CLANG_WARN_RANGE_LOOP_ANALYSIS = YES;
				CLANG_WARN_STRICT_PROTOTYPES = YES;
				CLANG_WARN_SUSPICIOUS_MOVE = YES;
				CLANG_WARN_UNGUARDED_AVAILABILITY = YES_AGGRESSIVE;
				CLANG_WARN_UNREACHABLE_CODE = YES;
				CLANG_WARN__DUPLICATE_METHOD_MATCH = YES;
				COPY_PHASE_STRIP = NO;
				DEBUG_INFORMATION_FORMAT = "dwarf-with-dsym";
				ENABLE_NS_ASSERTIONS = NO;
				ENABLE_STRICT_OBJC_MSGSEND = YES;
				GCC_C_LANGUAGE_STANDARD = gnu11;
				GCC_NO_COMMON_BLOCKS = YES;
				GCC_WARN_64_TO_32_BIT_CONVERSION = YES;
				GCC_WARN_ABOUT_RETURN_TYPE = YES_ERROR;
				GCC_WARN_UNDECLARED_SELECTOR = YES;
				GCC_WARN_UNINITIALIZED_AUTOS = YES_AGGRESSIVE;
				GCC_WARN_UNUSED_FUNCTION = YES;
				GCC_WARN_UNUSED_VARIABLE = YES;
				IPHONEOS_DEPLOYMENT_TARGET = 15.5;
				MTL_ENABLE_DEBUG_INFO = NO;
				MTL_FAST_MATH = YES;
				SDKROOT = iphoneos;
				SWIFT_COMPILATION_MODE = wholemodule;
				SWIFT_OPTIMIZATION_LEVEL = "-O";
				VALIDATE_PRODUCT = YES;
			};
			name = Release;
		};
		71BF915A2998CFDE0083F736 /* Debug */ = {
			isa = XCBuildConfiguration;
			buildSettings = {
				ASSETCATALOG_COMPILER_APPICON_NAME = AppIcon;
				ASSETCATALOG_COMPILER_GLOBAL_ACCENT_COLOR_NAME = AccentColor;
				CODE_SIGN_STYLE = Automatic;
				CURRENT_PROJECT_VERSION = 1;
				DEVELOPMENT_TEAM = QT2PBP26TP;
				GENERATE_INFOPLIST_FILE = YES;
				INFOPLIST_FILE = TodoListSokolovskiyArtem/Info.plist;
				INFOPLIST_KEY_UIApplicationSupportsIndirectInputEvents = YES;
				INFOPLIST_KEY_UILaunchStoryboardName = LaunchScreen;
				INFOPLIST_KEY_UISupportedInterfaceOrientations_iPad = "UIInterfaceOrientationPortrait UIInterfaceOrientationPortraitUpsideDown UIInterfaceOrientationLandscapeLeft UIInterfaceOrientationLandscapeRight";
				INFOPLIST_KEY_UISupportedInterfaceOrientations_iPhone = "UIInterfaceOrientationPortrait UIInterfaceOrientationLandscapeLeft UIInterfaceOrientationLandscapeRight";
				LD_RUNPATH_SEARCH_PATHS = (
					"$(inherited)",
					"@executable_path/Frameworks",
				);
				MARKETING_VERSION = 1.0;
				PRODUCT_BUNDLE_IDENTIFIER = com.ArtemSokolovskiy.TodoListSokolovskiyArtem;
				PRODUCT_NAME = "$(TARGET_NAME)";
				SWIFT_EMIT_LOC_STRINGS = YES;
				SWIFT_VERSION = 5.0;
				TARGETED_DEVICE_FAMILY = "1,2";
			};
			name = Debug;
		};
		71BF915B2998CFDE0083F736 /* Release */ = {
			isa = XCBuildConfiguration;
			buildSettings = {
				ASSETCATALOG_COMPILER_APPICON_NAME = AppIcon;
				ASSETCATALOG_COMPILER_GLOBAL_ACCENT_COLOR_NAME = AccentColor;
				CODE_SIGN_STYLE = Automatic;
				CURRENT_PROJECT_VERSION = 1;
				DEVELOPMENT_TEAM = QT2PBP26TP;
				GENERATE_INFOPLIST_FILE = YES;
				INFOPLIST_FILE = TodoListSokolovskiyArtem/Info.plist;
				INFOPLIST_KEY_UIApplicationSupportsIndirectInputEvents = YES;
				INFOPLIST_KEY_UILaunchStoryboardName = LaunchScreen;
				INFOPLIST_KEY_UISupportedInterfaceOrientations_iPad = "UIInterfaceOrientationPortrait UIInterfaceOrientationPortraitUpsideDown UIInterfaceOrientationLandscapeLeft UIInterfaceOrientationLandscapeRight";
				INFOPLIST_KEY_UISupportedInterfaceOrientations_iPhone = "UIInterfaceOrientationPortrait UIInterfaceOrientationLandscapeLeft UIInterfaceOrientationLandscapeRight";
				LD_RUNPATH_SEARCH_PATHS = (
					"$(inherited)",
					"@executable_path/Frameworks",
				);
				MARKETING_VERSION = 1.0;
				PRODUCT_BUNDLE_IDENTIFIER = com.ArtemSokolovskiy.TodoListSokolovskiyArtem;
				PRODUCT_NAME = "$(TARGET_NAME)";
				SWIFT_EMIT_LOC_STRINGS = YES;
				SWIFT_VERSION = 5.0;
				TARGETED_DEVICE_FAMILY = "1,2";
			};
			name = Release;
		};
		71BF915D2998CFDE0083F736 /* Debug */ = {
			isa = XCBuildConfiguration;
			buildSettings = {
				ALWAYS_EMBED_SWIFT_STANDARD_LIBRARIES = YES;
				BUNDLE_LOADER = "$(TEST_HOST)";
				CODE_SIGN_STYLE = Automatic;
				CURRENT_PROJECT_VERSION = 1;
				GENERATE_INFOPLIST_FILE = YES;
				IPHONEOS_DEPLOYMENT_TARGET = 15.5;
				MARKETING_VERSION = 1.0;
				PRODUCT_BUNDLE_IDENTIFIER = com.ArtemSokolovskiy.TodoListSokolovskiyArtemTests;
				PRODUCT_NAME = "$(TARGET_NAME)";
				SWIFT_EMIT_LOC_STRINGS = NO;
				SWIFT_VERSION = 5.0;
				TARGETED_DEVICE_FAMILY = "1,2";
				TEST_HOST = "$(BUILT_PRODUCTS_DIR)/TodoListSokolovskiyArtem.app/TodoListSokolovskiyArtem";
			};
			name = Debug;
		};
		71BF915E2998CFDE0083F736 /* Release */ = {
			isa = XCBuildConfiguration;
			buildSettings = {
				ALWAYS_EMBED_SWIFT_STANDARD_LIBRARIES = YES;
				BUNDLE_LOADER = "$(TEST_HOST)";
				CODE_SIGN_STYLE = Automatic;
				CURRENT_PROJECT_VERSION = 1;
				GENERATE_INFOPLIST_FILE = YES;
				IPHONEOS_DEPLOYMENT_TARGET = 15.5;
				MARKETING_VERSION = 1.0;
				PRODUCT_BUNDLE_IDENTIFIER = com.ArtemSokolovskiy.TodoListSokolovskiyArtemTests;
				PRODUCT_NAME = "$(TARGET_NAME)";
				SWIFT_EMIT_LOC_STRINGS = NO;
				SWIFT_VERSION = 5.0;
				TARGETED_DEVICE_FAMILY = "1,2";
				TEST_HOST = "$(BUILT_PRODUCTS_DIR)/TodoListSokolovskiyArtem.app/TodoListSokolovskiyArtem";
			};
			name = Release;
		};
		71BF91602998CFDE0083F736 /* Debug */ = {
			isa = XCBuildConfiguration;
			buildSettings = {
				ALWAYS_EMBED_SWIFT_STANDARD_LIBRARIES = YES;
				CODE_SIGN_STYLE = Automatic;
				CURRENT_PROJECT_VERSION = 1;
				GENERATE_INFOPLIST_FILE = YES;
				MARKETING_VERSION = 1.0;
				PRODUCT_BUNDLE_IDENTIFIER = com.ArtemSokolovskiy.TodoListSokolovskiyArtemUITests;
				PRODUCT_NAME = "$(TARGET_NAME)";
				SWIFT_EMIT_LOC_STRINGS = NO;
				SWIFT_VERSION = 5.0;
				TARGETED_DEVICE_FAMILY = "1,2";
				TEST_TARGET_NAME = TodoListSokolovskiyArtem;
			};
			name = Debug;
		};
		71BF91612998CFDE0083F736 /* Release */ = {
			isa = XCBuildConfiguration;
			buildSettings = {
				ALWAYS_EMBED_SWIFT_STANDARD_LIBRARIES = YES;
				CODE_SIGN_STYLE = Automatic;
				CURRENT_PROJECT_VERSION = 1;
				GENERATE_INFOPLIST_FILE = YES;
				MARKETING_VERSION = 1.0;
				PRODUCT_BUNDLE_IDENTIFIER = com.ArtemSokolovskiy.TodoListSokolovskiyArtemUITests;
				PRODUCT_NAME = "$(TARGET_NAME)";
				SWIFT_EMIT_LOC_STRINGS = NO;
				SWIFT_VERSION = 5.0;
				TARGETED_DEVICE_FAMILY = "1,2";
				TEST_TARGET_NAME = TodoListSokolovskiyArtem;
			};
			name = Release;
		};
/* End XCBuildConfiguration section */

/* Begin XCConfigurationList section */
		71BF91272998CFDB0083F736 /* Build configuration list for PBXProject "TodoListSokolovskiyArtem" */ = {
			isa = XCConfigurationList;
			buildConfigurations = (
				71BF91572998CFDE0083F736 /* Debug */,
				71BF91582998CFDE0083F736 /* Release */,
			);
			defaultConfigurationIsVisible = 0;
			defaultConfigurationName = Release;
		};
		71BF91592998CFDE0083F736 /* Build configuration list for PBXNativeTarget "TodoListSokolovskiyArtem" */ = {
			isa = XCConfigurationList;
			buildConfigurations = (
				71BF915A2998CFDE0083F736 /* Debug */,
				71BF915B2998CFDE0083F736 /* Release */,
			);
			defaultConfigurationIsVisible = 0;
			defaultConfigurationName = Release;
		};
		71BF915C2998CFDE0083F736 /* Build configuration list for PBXNativeTarget "TodoListSokolovskiyArtemTests" */ = {
			isa = XCConfigurationList;
			buildConfigurations = (
				71BF915D2998CFDE0083F736 /* Debug */,
				71BF915E2998CFDE0083F736 /* Release */,
			);
			defaultConfigurationIsVisible = 0;
			defaultConfigurationName = Release;
		};
		71BF915F2998CFDE0083F736 /* Build configuration list for PBXNativeTarget "TodoListSokolovskiyArtemUITests" */ = {
			isa = XCConfigurationList;
			buildConfigurations = (
				71BF91602998CFDE0083F736 /* Debug */,
				71BF91612998CFDE0083F736 /* Release */,
			);
			defaultConfigurationIsVisible = 0;
			defaultConfigurationName = Release;
		};
/* End XCConfigurationList section */
	};
	rootObject = 71BF91242998CFDB0083F736 /* Project object */;
}
